
Microsoft Visual Studio Solution File, Format Version 12.00
# Visual Studio Version 16
VisualStudioVersion = 16.0.28729.10
MinimumVisualStudioVersion = 10.0.40219.1
Project("{FAE04EC0-301F-11D3-BF4B-00C04F79EFBC}") = "Models", "Models\Models.csproj", "{83012FA9-ACF0-48FB-8683-7217293B9514}"
EndProject
Project("{FAE04EC0-301F-11D3-BF4B-00C04F79EFBC}") = "DAL", "DAL\DAL.csproj", "{47E3F414-A1A1-49C1-A428-BB51CB397D79}"
EndProject
Project("{FAE04EC0-301F-11D3-BF4B-00C04F79EFBC}") = "MyDbHelper", "MyDbHelper\MyDbHelper.csproj", "{84337F32-418D-4CB4-9874-932F5B366CAE}"
EndProject
Project("{FAE04EC0-301F-11D3-BF4B-00C04F79EFBC}") = "BLL", "BLL\BLL.csproj", "{33B4800F-ED68-4C9C-8233-3E9F0DCAFAFA}"
EndProject
Project("{FAE04EC0-301F-11D3-BF4B-00C04F79EFBC}") = "UI", "UI\UI.csproj", "{71D4DE57-D01A-42E9-AE6C-EA1E300B655D}"
EndProject
Global
	GlobalSection(SolutionConfigurationPlatforms) = preSolution
		Debug|Any CPU = Debug|Any CPU
		Release|Any CPU = Release|Any CPU
	EndGlobalSection
	GlobalSection(ProjectConfigurationPlatforms) = postSolution
		{83012FA9-ACF0-48FB-8683-7217293B9514}.Debug|Any CPU.ActiveCfg = Debug|Any CPU
		{83012FA9-ACF0-48FB-8683-7217293B9514}.Debug|Any CPU.Build.0 = Debug|Any CPU
		{83012FA9-ACF0-48FB-8683-7217293B9514}.Release|Any CPU.ActiveCfg = Release|Any CPU
		{83012FA9-ACF0-48FB-8683-7217293B9514}.Release|Any CPU.Build.0 = Release|Any CPU
		{47E3F414-A1A1-49C1-A428-BB51CB397D79}.Debug|Any CPU.ActiveCfg = Debug|Any CPU
		{47E3F414-A1A1-49C1-A428-BB51CB397D79}.Debug|Any CPU.Build.0 = Debug|Any CPU
		{47E3F414-A1A1-49C1-A428-BB51CB397D79}.Release|Any CPU.ActiveCfg = Release|Any CPU
		{47E3F414-A1A1-49C1-A428-BB51CB397D79}.Release|Any CPU.Build.0 = Release|Any CPU
		{84337F32-418D-4CB4-9874-932F5B366CAE}.Debug|Any CPU.ActiveCfg = Debug|Any CPU
		{84337F32-418D-4CB4-9874-932F5B366CAE}.Debug|Any CPU.Build.0 = Debug|Any CPU
		{84337F32-418D-4CB4-9874-932F5B366CAE}.Release|Any CPU.ActiveCfg = Release|Any CPU
		{84337F32-418D-4CB4-9874-932F5B366CAE}.Release|Any CPU.Build.0 = Release|Any CPU
		{33B4800F-ED68-4C9C-8233-3E9F0DCAFAFA}.Debug|Any CPU.ActiveCfg = Debug|Any CPU
		{33B4800F-ED68-4C9C-8233-3E9F0DCAFAFA}.Debug|Any CPU.Build.0 = Debug|Any CPU
		{33B4800F-ED68-4C9C-8233-3E9F0DCAFAFA}.Release|Any CPU.ActiveCfg = Release|Any CPU
		{33B4800F-ED68-4C9C-8233-3E9F0DCAFAFA}.Release|Any CPU.Build.0 = Release|Any CPU
		{71D4DE57-D01A-42E9-AE6C-EA1E300B655D}.Debug|Any CPU.ActiveCfg = Debug|Any CPU
		{71D4DE57-D01A-42E9-AE6C-EA1E300B655D}.Debug|Any CPU.Build.0 = Debug|Any CPU
		{71D4DE57-D01A-42E9-AE6C-EA1E300B655D}.Release|Any CPU.ActiveCfg = Release|Any CPU
		{71D4DE57-D01A-42E9-AE6C-EA1E300B655D}.Release|Any CPU.Build.0 = Release|Any CPU
	EndGlobalSection
	GlobalSection(SolutionProperties) = preSolution
		HideSolutionNode = FALSE
	EndGlobalSection
	GlobalSection(ExtensibilityGlobals) = postSolution
		SolutionGuid = {880FD404-C295-4160-9773-21CD2CFE73DC}
	EndGlobalSection
EndGlobal
